// !$*UTF8*$!
{
	archiveVersion = 1;
	classes = {
	};
	objectVersion = 56;
	objects = {

/* Begin PBXBuildFile section */
		F997AA8B2A963B8200969101 /* main.swift in Sources */ = {isa = PBXBuildFile; fileRef = F997AA8A2A963B8200969101 /* main.swift */; };
		F997AA922A963BC500969101 /* Room.swift in Sources */ = {isa = PBXBuildFile; fileRef = F997AA912A963BC500969101 /* Room.swift */; };
		F997AA962A963CAE00969101 /* Direction.swift in Sources */ = {isa = PBXBuildFile; fileRef = F997AA952A963CAE00969101 /* Direction.swift */; };
		F997AA982A963E1D00969101 /* Coordinates.swift in Sources */ = {isa = PBXBuildFile; fileRef = F997AA972A963E1D00969101 /* Coordinates.swift */; };
		F997AA9A2A963F8300969101 /* UnitType.swift in Sources */ = {isa = PBXBuildFile; fileRef = F997AA992A963F8300969101 /* UnitType.swift */; };
		F997AAA02A964E4C00969101 /* Box.swift in Sources */ = {isa = PBXBuildFile; fileRef = F997AA9F2A964E4C00969101 /* Box.swift */; };
		F997AAA22A965F1900969101 /* Player.swift in Sources */ = {isa = PBXBuildFile; fileRef = F997AAA12A965F1900969101 /* Player.swift */; };
		F997AAA42A966F5300969101 /* GameController.swift in Sources */ = {isa = PBXBuildFile; fileRef = F997AAA32A966F5300969101 /* GameController.swift */; };
/* End PBXBuildFile section */

/* Begin PBXCopyFilesBuildPhase section */
		F997AA852A963B8200969101 /* CopyFiles */ = {
			isa = PBXCopyFilesBuildPhase;
			buildActionMask = 2147483647;
			dstPath = /usr/share/man/man1/;
			dstSubfolderSpec = 0;
			files = (
			);
			runOnlyForDeploymentPostprocessing = 1;
		};
/* End PBXCopyFilesBuildPhase section */

/* Begin PBXFileReference section */
		F997AA872A963B8200969101 /* sokoban */ = {isa = PBXFileReference; explicitFileType = "compiled.mach-o.executable"; includeInIndex = 0; path = sokoban; sourceTree = BUILT_PRODUCTS_DIR; };
		F997AA8A2A963B8200969101 /* main.swift */ = {isa = PBXFileReference; lastKnownFileType = sourcecode.swift; path = main.swift; sourceTree = "<group>"; };
		F997AA912A963BC500969101 /* Room.swift */ = {isa = PBXFileReference; lastKnownFileType = sourcecode.swift; path = Room.swift; sourceTree = "<group>"; };
		F997AA952A963CAE00969101 /* Direction.swift */ = {isa = PBXFileReference; lastKnownFileType = sourcecode.swift; path = Direction.swift; sourceTree = "<group>"; };
		F997AA972A963E1D00969101 /* Coordinates.swift */ = {isa = PBXFileReference; lastKnownFileType = sourcecode.swift; path = Coordinates.swift; sourceTree = "<group>"; };
		F997AA992A963F8300969101 /* UnitType.swift */ = {isa = PBXFileReference; lastKnownFileType = sourcecode.swift; path = UnitType.swift; sourceTree = "<group>"; };
		F997AA9F2A964E4C00969101 /* Box.swift */ = {isa = PBXFileReference; lastKnownFileType = sourcecode.swift; path = Box.swift; sourceTree = "<group>"; };
		F997AAA12A965F1900969101 /* Player.swift */ = {isa = PBXFileReference; lastKnownFileType = sourcecode.swift; path = Player.swift; sourceTree = "<group>"; };
		F997AAA32A966F5300969101 /* GameController.swift */ = {isa = PBXFileReference; lastKnownFileType = sourcecode.swift; path = GameController.swift; sourceTree = "<group>"; };
/* End PBXFileReference section */

/* Begin PBXFrameworksBuildPhase section */
		F997AA842A963B8200969101 /* Frameworks */ = {
			isa = PBXFrameworksBuildPhase;
			buildActionMask = 2147483647;
			files = (
			);
			runOnlyForDeploymentPostprocessing = 0;
		};
/* End PBXFrameworksBuildPhase section */

/* Begin PBXGroup section */
		F997AA7E2A963B8200969101 = {
			isa = PBXGroup;
			children = (
				F997AA892A963B8200969101 /* sokoban */,
				F997AA882A963B8200969101 /* Products */,
			);
			sourceTree = "<group>";
		};
		F997AA882A963B8200969101 /* Products */ = {
			isa = PBXGroup;
			children = (
				F997AA872A963B8200969101 /* sokoban */,
			);
			name = Products;
			sourceTree = "<group>";
		};
		F997AA892A963B8200969101 /* sokoban */ = {
			isa = PBXGroup;
			children = (
				F997AA8A2A963B8200969101 /* main.swift */,
				F997AA912A963BC500969101 /* Room.swift */,
				F997AA952A963CAE00969101 /* Direction.swift */,
				F997AA972A963E1D00969101 /* Coordinates.swift */,
				F997AA992A963F8300969101 /* UnitType.swift */,
				F997AA9F2A964E4C00969101 /* Box.swift */,
				F997AAA12A965F1900969101 /* Player.swift */,
				F997AAA32A966F5300969101 /* GameController.swift */,
			);
			path = sokoban;
			sourceTree = "<group>";
		};
/* End PBXGroup section */

/* Begin PBXNativeTarget section */
		F997AA862A963B8200969101 /* sokoban */ = {
			isa = PBXNativeTarget;
			buildConfigurationList = F997AA8E2A963B8200969101 /* Build configuration list for PBXNativeTarget "sokoban" */;
			buildPhases = (
				F997AA832A963B8200969101 /* Sources */,
				F997AA842A963B8200969101 /* Frameworks */,
				F997AA852A963B8200969101 /* CopyFiles */,
			);
			buildRules = (
			);
			dependencies = (
			);
			name = sokoban;
			productName = sokoban;
			productReference = F997AA872A963B8200969101 /* sokoban */;
			productType = "com.apple.product-type.tool";
		};
/* End PBXNativeTarget section */

/* Begin PBXProject section */
		F997AA7F2A963B8200969101 /* Project object */ = {
			isa = PBXProject;
			attributes = {
				BuildIndependentTargetsInParallel = 1;
				LastSwiftUpdateCheck = 1430;
				LastUpgradeCheck = 1430;
				TargetAttributes = {
					F997AA862A963B8200969101 = {
						CreatedOnToolsVersion = 14.3.1;
					};
				};
			};
			buildConfigurationList = F997AA822A963B8200969101 /* Build configuration list for PBXProject "sokoban" */;
			compatibilityVersion = "Xcode 14.0";
			developmentRegion = en;
			hasScannedForEncodings = 0;
			knownRegions = (
				en,
				Base,
			);
			mainGroup = F997AA7E2A963B8200969101;
			productRefGroup = F997AA882A963B8200969101 /* Products */;
			projectDirPath = "";
			projectRoot = "";
			targets = (
				F997AA862A963B8200969101 /* sokoban */,
			);
		};
/* End PBXProject section */

/* Begin PBXSourcesBuildPhase section */
		F997AA832A963B8200969101 /* Sources */ = {
			isa = PBXSourcesBuildPhase;
			buildActionMask = 2147483647;
			files = (
				F997AA922A963BC500969101 /* Room.swift in Sources */,
				F997AA8B2A963B8200969101 /* main.swift in Sources */,
				F997AA9A2A963F8300969101 /* UnitType.swift in Sources */,
				F997AAA02A964E4C00969101 /* Box.swift in Sources */,
				F997AAA22A965F1900969101 /* Player.swift in Sources */,
				F997AAA42A966F5300969101 /* GameController.swift in Sources */,
				F997AA962A963CAE00969101 /* Direction.swift in Sources */,
				F997AA982A963E1D00969101 /* Coordinates.swift in Sources */,
			);
			runOnlyForDeploymentPostprocessing = 0;
		};
/* End PBXSourcesBuildPhase section */

/* Begin XCBuildConfiguration section */
		F997AA8C2A963B8200969101 /* Debug */ = {
			isa = XCBuildConfiguration;
			buildSettings = {
				ALWAYS_SEARCH_USER_PATHS = NO;
				CLANG_ANALYZER_NONNULL = YES;
				CLANG_ANALYZER_NUMBER_OBJECT_CONVERSION = YES_AGGRESSIVE;
				CLANG_CXX_LANGUAGE_STANDARD = "gnu++20";
				CLANG_ENABLE_MODULES = YES;
				CLANG_ENABLE_OBJC_ARC = YES;
				CLANG_ENABLE_OBJC_WEAK = YES;
				CLANG_WARN_BLOCK_CAPTURE_AUTORELEASING = YES;
				CLANG_WARN_BOOL_CONVERSION = YES;
				CLANG_WARN_COMMA = YES;
				CLANG_WARN_CONSTANT_CONVERSION = YES;
				CLANG_WARN_DEPRECATED_OBJC_IMPLEMENTATIONS = YES;
				CLANG_WARN_DIRECT_OBJC_ISA_USAGE = YES_ERROR;
				CLANG_WARN_DOCUMENTATION_COMMENTS = YES;
				CLANG_WARN_EMPTY_BODY = YES;
				CLANG_WARN_ENUM_CONVERSION = YES;
				CLANG_WARN_INFINITE_RECURSION = YES;
				CLANG_WARN_INT_CONVERSION = YES;
				CLANG_WARN_NON_LITERAL_NULL_CONVERSION = YES;
				CLANG_WARN_OBJC_IMPLICIT_RETAIN_SELF = YES;
				CLANG_WARN_OBJC_LITERAL_CONVERSION = YES;
				CLANG_WARN_OBJC_ROOT_CLASS = YES_ERROR;
				CLANG_WARN_QUOTED_INCLUDE_IN_FRAMEWORK_HEADER = YES;
				CLANG_WARN_RANGE_LOOP_ANALYSIS = YES;
				CLANG_WARN_STRICT_PROTOTYPES = YES;
				CLANG_WARN_SUSPICIOUS_MOVE = YES;
				CLANG_WARN_UNGUARDED_AVAILABILITY = YES_AGGRESSIVE;
				CLANG_WARN_UNREACHABLE_CODE = YES;
				CLANG_WARN__DUPLICATE_METHOD_MATCH = YES;
				COPY_PHASE_STRIP = NO;
				DEBUG_INFORMATION_FORMAT = dwarf;
				ENABLE_STRICT_OBJC_MSGSEND = YES;
				ENABLE_TESTABILITY = YES;
				GCC_C_LANGUAGE_STANDARD = gnu11;
				GCC_DYNAMIC_NO_PIC = NO;
				GCC_NO_COMMON_BLOCKS = YES;
				GCC_OPTIMIZATION_LEVEL = 0;
				GCC_PREPROCESSOR_DEFINITIONS = (
					"DEBUG=1",
					"$(inherited)",
				);
				GCC_WARN_64_TO_32_BIT_CONVERSION = YES;
				GCC_WARN_ABOUT_RETURN_TYPE = YES_ERROR;
				GCC_WARN_UNDECLARED_SELECTOR = YES;
				GCC_WARN_UNINITIALIZED_AUTOS = YES_AGGRESSIVE;
				GCC_WARN_UNUSED_FUNCTION = YES;
				GCC_WARN_UNUSED_VARIABLE = YES;
				MACOSX_DEPLOYMENT_TARGET = 13.3;
				MTL_ENABLE_DEBUG_INFO = INCLUDE_SOURCE;
				MTL_FAST_MATH = YES;
				ONLY_ACTIVE_ARCH = YES;
				SDKROOT = macosx;
				SWIFT_ACTIVE_COMPILATION_CONDITIONS = DEBUG;
				SWIFT_OPTIMIZATION_LEVEL = "-Onone";
			};
			name = Debug;
		};
		F997AA8D2A963B8200969101 /* Release */ = {
			isa = XCBuildConfiguration;
			buildSettings = {
				ALWAYS_SEARCH_USER_PATHS = NO;
				CLANG_ANALYZER_NONNULL = YES;
				CLANG_ANALYZER_NUMBER_OBJECT_CONVERSION = YES_AGGRESSIVE;
				CLANG_CXX_LANGUAGE_STANDARD = "gnu++20";
				CLANG_ENABLE_MODULES = YES;
				CLANG_ENABLE_OBJC_ARC = YES;
				CLANG_ENABLE_OBJC_WEAK = YES;
				CLANG_WARN_BLOCK_CAPTURE_AUTORELEASING = YES;
				CLANG_WARN_BOOL_CONVERSION = YES;
				CLANG_WARN_COMMA = YES;
				CLANG_WARN_CONSTANT_CONVERSION = YES;
				CLANG_WARN_DEPRECATED_OBJC_IMPLEMENTATIONS = YES;
				CLANG_WARN_DIRECT_OBJC_ISA_USAGE = YES_ERROR;
				CLANG_WARN_DOCUMENTATION_COMMENTS = YES;
				CLANG_WARN_EMPTY_BODY = YES;
				CLANG_WARN_ENUM_CONVERSION = YES;
				CLANG_WARN_INFINITE_RECURSION = YES;
				CLANG_WARN_INT_CONVERSION = YES;
				CLANG_WARN_NON_LITERAL_NULL_CONVERSION = YES;
				CLANG_WARN_OBJC_IMPLICIT_RETAIN_SELF = YES;
				CLANG_WARN_OBJC_LITERAL_CONVERSION = YES;
				CLANG_WARN_OBJC_ROOT_CLASS = YES_ERROR;
				CLANG_WARN_QUOTED_INCLUDE_IN_FRAMEWORK_HEADER = YES;
				CLANG_WARN_RANGE_LOOP_ANALYSIS = YES;
				CLANG_WARN_STRICT_PROTOTYPES = YES;
				CLANG_WARN_SUSPICIOUS_MOVE = YES;
				CLANG_WARN_UNGUARDED_AVAILABILITY = YES_AGGRESSIVE;
				CLANG_WARN_UNREACHABLE_CODE = YES;
				CLANG_WARN__DUPLICATE_METHOD_MATCH = YES;
				COPY_PHASE_STRIP = NO;
				DEBUG_INFORMATION_FORMAT = "dwarf-with-dsym";
				ENABLE_NS_ASSERTIONS = NO;
				ENABLE_STRICT_OBJC_MSGSEND = YES;
				GCC_C_LANGUAGE_STANDARD = gnu11;
				GCC_NO_COMMON_BLOCKS = YES;
				GCC_WARN_64_TO_32_BIT_CONVERSION = YES;
				GCC_WARN_ABOUT_RETURN_TYPE = YES_ERROR;
				GCC_WARN_UNDECLARED_SELECTOR = YES;
				GCC_WARN_UNINITIALIZED_AUTOS = YES_AGGRESSIVE;
				GCC_WARN_UNUSED_FUNCTION = YES;
				GCC_WARN_UNUSED_VARIABLE = YES;
				MACOSX_DEPLOYMENT_TARGET = 13.3;
				MTL_ENABLE_DEBUG_INFO = NO;
				MTL_FAST_MATH = YES;
				SDKROOT = macosx;
				SWIFT_COMPILATION_MODE = wholemodule;
				SWIFT_OPTIMIZATION_LEVEL = "-O";
			};
			name = Release;
		};
		F997AA8F2A963B8200969101 /* Debug */ = {
			isa = XCBuildConfiguration;
			buildSettings = {
				CODE_SIGN_STYLE = Automatic;
				PRODUCT_NAME = "$(TARGET_NAME)";
				SWIFT_VERSION = 5.0;
			};
			name = Debug;
		};
		F997AA902A963B8200969101 /* Release */ = {
			isa = XCBuildConfiguration;
			buildSettings = {
				CODE_SIGN_STYLE = Automatic;
				PRODUCT_NAME = "$(TARGET_NAME)";
				SWIFT_VERSION = 5.0;
			};
			name = Release;
		};
/* End XCBuildConfiguration section */

/* Begin XCConfigurationList section */
		F997AA822A963B8200969101 /* Build configuration list for PBXProject "sokoban" */ = {
			isa = XCConfigurationList;
			buildConfigurations = (
				F997AA8C2A963B8200969101 /* Debug */,
				F997AA8D2A963B8200969101 /* Release */,
			);
			defaultConfigurationIsVisible = 0;
			defaultConfigurationName = Release;
		};
		F997AA8E2A963B8200969101 /* Build configuration list for PBXNativeTarget "sokoban" */ = {
			isa = XCConfigurationList;
			buildConfigurations = (
				F997AA8F2A963B8200969101 /* Debug */,
				F997AA902A963B8200969101 /* Release */,
			);
			defaultConfigurationIsVisible = 0;
			defaultConfigurationName = Release;
		};
/* End XCConfigurationList section */
	};
	rootObject = F997AA7F2A963B8200969101 /* Project object */;
}
